// !$*UTF8*$!
{
	archiveVersion = 1;
	classes = {
	};
	objectVersion = 48;
	objects = {

/* Begin PBXBuildFile section */
		5526A327204F38AA00C30D22 /* Shaders.metal in Sources */ = {isa = PBXBuildFile; fileRef = 5526A326204F38AA00C30D22 /* Shaders.metal */; };
		5526A329205075C000C30D22 /* CaptureSession.swift in Sources */ = {isa = PBXBuildFile; fileRef = 5526A328205075C000C30D22 /* CaptureSession.swift */; };
		5526A32B205077AA00C30D22 /* CaptureDevice.swift in Sources */ = {isa = PBXBuildFile; fileRef = 5526A32A205077AA00C30D22 /* CaptureDevice.swift */; };
		5526A32D205093DA00C30D22 /* TextureConverter.swift in Sources */ = {isa = PBXBuildFile; fileRef = 5526A32C205093DA00C30D22 /* TextureConverter.swift */; };
		5526A32F20528A9100C30D22 /* FilterSequence.swift in Sources */ = {isa = PBXBuildFile; fileRef = 5526A32E20528A9100C30D22 /* FilterSequence.swift */; };
		5529C2AC20532DAC00D888C9 /* FilterLibrary.swift in Sources */ = {isa = PBXBuildFile; fileRef = 5529C2AB20532DAC00D888C9 /* FilterLibrary.swift */; };
		5529C2AE2053EAA300D888C9 /* FilterCollectionViewCell.swift in Sources */ = {isa = PBXBuildFile; fileRef = 5529C2AD2053EAA300D888C9 /* FilterCollectionViewCell.swift */; };
		55788F2120543729009C2A92 /* ComponentProvider.swift in Sources */ = {isa = PBXBuildFile; fileRef = 55788F2020543729009C2A92 /* ComponentProvider.swift */; };
		55788F23205517B2009C2A92 /* ComponentsView.swift in Sources */ = {isa = PBXBuildFile; fileRef = 55788F22205517B2009C2A92 /* ComponentsView.swift */; };
		55788F2520552E33009C2A92 /* UnionFind.swift in Sources */ = {isa = PBXBuildFile; fileRef = 55788F2420552E33009C2A92 /* UnionFind.swift */; };
		558146DE206994AB005CB523 /* RecognizedDigitCollectionViewCell.swift in Sources */ = {isa = PBXBuildFile; fileRef = 558146DD206994AB005CB523 /* RecognizedDigitCollectionViewCell.swift */; };
		558146E0206994DE005CB523 /* RecognizingResultViewController.swift in Sources */ = {isa = PBXBuildFile; fileRef = 558146DF206994DE005CB523 /* RecognizingResultViewController.swift */; };
		558146E2206996BA005CB523 /* RecognizedResult.swift in Sources */ = {isa = PBXBuildFile; fileRef = 558146E1206996BA005CB523 /* RecognizedResult.swift */; };
		5587A91C206EE60C00DB364C /* RecognizeService.swift in Sources */ = {isa = PBXBuildFile; fileRef = 5587A91B206EE60C00DB364C /* RecognizeService.swift */; };
		558BBCFB206C1EAE00AE90EB /* Filter.swift in Sources */ = {isa = PBXBuildFile; fileRef = 558BBCFA206C1EAE00AE90EB /* Filter.swift */; };
		558CBA3D20587EF90058E4A4 /* CNN.swift in Sources */ = {isa = PBXBuildFile; fileRef = 558CBA3C20587EF90058E4A4 /* CNN.swift */; };
		55AAC48A206C3C3500A518C9 /* RenderService.swift in Sources */ = {isa = PBXBuildFile; fileRef = 55AAC489206C3C3500A518C9 /* RenderService.swift */; };
		55AAC48C206C41C600A518C9 /* MetalService.swift in Sources */ = {isa = PBXBuildFile; fileRef = 55AAC48B206C41C600A518C9 /* MetalService.swift */; };
		55CDB4BA204DA4AE00172632 /* AppDelegate.swift in Sources */ = {isa = PBXBuildFile; fileRef = 55CDB4B9204DA4AE00172632 /* AppDelegate.swift */; };
		55CDB4BC204DA4AE00172632 /* RecognizerViewController.swift in Sources */ = {isa = PBXBuildFile; fileRef = 55CDB4BB204DA4AE00172632 /* RecognizerViewController.swift */; };
		55CDB4BF204DA4AE00172632 /* Main.storyboard in Resources */ = {isa = PBXBuildFile; fileRef = 55CDB4BD204DA4AE00172632 /* Main.storyboard */; };
		55CDB4C1204DA4AE00172632 /* Assets.xcassets in Resources */ = {isa = PBXBuildFile; fileRef = 55CDB4C0204DA4AE00172632 /* Assets.xcassets */; };
		55CDB4C4204DA4AE00172632 /* LaunchScreen.storyboard in Resources */ = {isa = PBXBuildFile; fileRef = 55CDB4C2204DA4AE00172632 /* LaunchScreen.storyboard */; };
		55CDFED22057929300111BD6 /* ImageProvider.swift in Sources */ = {isa = PBXBuildFile; fileRef = 55CDFED12057929300111BD6 /* ImageProvider.swift */; };
		55EAC8BE205C799A00229A97 /* weights_fc1.dat in Resources */ = {isa = PBXBuildFile; fileRef = 55EAC8B6205C799900229A97 /* weights_fc1.dat */; };
		55EAC8BF205C799A00229A97 /* weights_conv2.dat in Resources */ = {isa = PBXBuildFile; fileRef = 55EAC8B7205C799900229A97 /* weights_conv2.dat */; };
		55EAC8C0205C799A00229A97 /* bias_conv1.dat in Resources */ = {isa = PBXBuildFile; fileRef = 55EAC8B8205C799900229A97 /* bias_conv1.dat */; };
		55EAC8C1205C799A00229A97 /* weights_conv1.dat in Resources */ = {isa = PBXBuildFile; fileRef = 55EAC8B9205C799900229A97 /* weights_conv1.dat */; };
		55EAC8C2205C799A00229A97 /* weights_fc2.dat in Resources */ = {isa = PBXBuildFile; fileRef = 55EAC8BA205C799A00229A97 /* weights_fc2.dat */; };
		55EAC8C3205C799A00229A97 /* bias_fc2.dat in Resources */ = {isa = PBXBuildFile; fileRef = 55EAC8BB205C799A00229A97 /* bias_fc2.dat */; };
		55EAC8C4205C799A00229A97 /* bias_conv2.dat in Resources */ = {isa = PBXBuildFile; fileRef = 55EAC8BC205C799A00229A97 /* bias_conv2.dat */; };
		55EAC8C5205C799A00229A97 /* bias_fc1.dat in Resources */ = {isa = PBXBuildFile; fileRef = 55EAC8BD205C799A00229A97 /* bias_fc1.dat */; };
/* End PBXBuildFile section */

/* Begin PBXFileReference section */
		5526A326204F38AA00C30D22 /* Shaders.metal */ = {isa = PBXFileReference; lastKnownFileType = sourcecode.metal; path = Shaders.metal; sourceTree = "<group>"; };
		5526A328205075C000C30D22 /* CaptureSession.swift */ = {isa = PBXFileReference; lastKnownFileType = sourcecode.swift; path = CaptureSession.swift; sourceTree = "<group>"; };
		5526A32A205077AA00C30D22 /* CaptureDevice.swift */ = {isa = PBXFileReference; lastKnownFileType = sourcecode.swift; path = CaptureDevice.swift; sourceTree = "<group>"; };
		5526A32C205093DA00C30D22 /* TextureConverter.swift */ = {isa = PBXFileReference; lastKnownFileType = sourcecode.swift; path = TextureConverter.swift; sourceTree = "<group>"; };
		5526A32E20528A9100C30D22 /* FilterSequence.swift */ = {isa = PBXFileReference; lastKnownFileType = sourcecode.swift; path = FilterSequence.swift; sourceTree = "<group>"; };
		5529C2AB20532DAC00D888C9 /* FilterLibrary.swift */ = {isa = PBXFileReference; lastKnownFileType = sourcecode.swift; path = FilterLibrary.swift; sourceTree = "<group>"; };
		5529C2AD2053EAA300D888C9 /* FilterCollectionViewCell.swift */ = {isa = PBXFileReference; lastKnownFileType = sourcecode.swift; path = FilterCollectionViewCell.swift; sourceTree = "<group>"; };
		55788F2020543729009C2A92 /* ComponentProvider.swift */ = {isa = PBXFileReference; lastKnownFileType = sourcecode.swift; path = ComponentProvider.swift; sourceTree = "<group>"; };
		55788F22205517B2009C2A92 /* ComponentsView.swift */ = {isa = PBXFileReference; lastKnownFileType = sourcecode.swift; path = ComponentsView.swift; sourceTree = "<group>"; };
		55788F2420552E33009C2A92 /* UnionFind.swift */ = {isa = PBXFileReference; lastKnownFileType = sourcecode.swift; path = UnionFind.swift; sourceTree = "<group>"; };
		558146DD206994AB005CB523 /* RecognizedDigitCollectionViewCell.swift */ = {isa = PBXFileReference; lastKnownFileType = sourcecode.swift; path = RecognizedDigitCollectionViewCell.swift; sourceTree = "<group>"; };
		558146DF206994DE005CB523 /* RecognizingResultViewController.swift */ = {isa = PBXFileReference; lastKnownFileType = sourcecode.swift; path = RecognizingResultViewController.swift; sourceTree = "<group>"; };
		558146E1206996BA005CB523 /* RecognizedResult.swift */ = {isa = PBXFileReference; lastKnownFileType = sourcecode.swift; path = RecognizedResult.swift; sourceTree = "<group>"; };
		5587A91B206EE60C00DB364C /* RecognizeService.swift */ = {isa = PBXFileReference; lastKnownFileType = sourcecode.swift; path = RecognizeService.swift; sourceTree = "<group>"; };
		558BBCFA206C1EAE00AE90EB /* Filter.swift */ = {isa = PBXFileReference; lastKnownFileType = sourcecode.swift; path = Filter.swift; sourceTree = "<group>"; };
		558CBA3C20587EF90058E4A4 /* CNN.swift */ = {isa = PBXFileReference; lastKnownFileType = sourcecode.swift; path = CNN.swift; sourceTree = "<group>"; };
		55AAC489206C3C3500A518C9 /* RenderService.swift */ = {isa = PBXFileReference; lastKnownFileType = sourcecode.swift; path = RenderService.swift; sourceTree = "<group>"; };
		55AAC48B206C41C600A518C9 /* MetalService.swift */ = {isa = PBXFileReference; lastKnownFileType = sourcecode.swift; path = MetalService.swift; sourceTree = "<group>"; };
		55CDB4B6204DA4AE00172632 /* Digit-Recognizer-via-Metal.app */ = {isa = PBXFileReference; explicitFileType = wrapper.application; includeInIndex = 0; path = "Digit-Recognizer-via-Metal.app"; sourceTree = BUILT_PRODUCTS_DIR; };
		55CDB4B9204DA4AE00172632 /* AppDelegate.swift */ = {isa = PBXFileReference; lastKnownFileType = sourcecode.swift; path = AppDelegate.swift; sourceTree = "<group>"; };
		55CDB4BB204DA4AE00172632 /* RecognizerViewController.swift */ = {isa = PBXFileReference; lastKnownFileType = sourcecode.swift; path = RecognizerViewController.swift; sourceTree = "<group>"; };
		55CDB4BE204DA4AE00172632 /* Base */ = {isa = PBXFileReference; lastKnownFileType = file.storyboard; name = Base; path = Base.lproj/Main.storyboard; sourceTree = "<group>"; };
		55CDB4C0204DA4AE00172632 /* Assets.xcassets */ = {isa = PBXFileReference; lastKnownFileType = folder.assetcatalog; path = Assets.xcassets; sourceTree = "<group>"; };
		55CDB4C3204DA4AE00172632 /* Base */ = {isa = PBXFileReference; lastKnownFileType = file.storyboard; name = Base; path = Base.lproj/LaunchScreen.storyboard; sourceTree = "<group>"; };
		55CDB4C5204DA4AE00172632 /* Info.plist */ = {isa = PBXFileReference; lastKnownFileType = text.plist.xml; path = Info.plist; sourceTree = "<group>"; };
		55CDFED12057929300111BD6 /* ImageProvider.swift */ = {isa = PBXFileReference; lastKnownFileType = sourcecode.swift; path = ImageProvider.swift; sourceTree = "<group>"; };
		55EAC8B6205C799900229A97 /* weights_fc1.dat */ = {isa = PBXFileReference; lastKnownFileType = file; name = weights_fc1.dat; path = "Digit-Recognizer-via-Metal/weights_fc1.dat"; sourceTree = SOURCE_ROOT; };
		55EAC8B7205C799900229A97 /* weights_conv2.dat */ = {isa = PBXFileReference; lastKnownFileType = file; name = weights_conv2.dat; path = "Digit-Recognizer-via-Metal/weights_conv2.dat"; sourceTree = SOURCE_ROOT; };
		55EAC8B8205C799900229A97 /* bias_conv1.dat */ = {isa = PBXFileReference; fileEncoding = 4; lastKnownFileType = text; name = bias_conv1.dat; path = "Digit-Recognizer-via-Metal/bias_conv1.dat"; sourceTree = SOURCE_ROOT; };
		55EAC8B9205C799900229A97 /* weights_conv1.dat */ = {isa = PBXFileReference; lastKnownFileType = file; name = weights_conv1.dat; path = "Digit-Recognizer-via-Metal/weights_conv1.dat"; sourceTree = SOURCE_ROOT; };
		55EAC8BA205C799A00229A97 /* weights_fc2.dat */ = {isa = PBXFileReference; lastKnownFileType = file; name = weights_fc2.dat; path = "Digit-Recognizer-via-Metal/weights_fc2.dat"; sourceTree = SOURCE_ROOT; };
		55EAC8BB205C799A00229A97 /* bias_fc2.dat */ = {isa = PBXFileReference; fileEncoding = 4; lastKnownFileType = text; name = bias_fc2.dat; path = "Digit-Recognizer-via-Metal/bias_fc2.dat"; sourceTree = SOURCE_ROOT; };
		55EAC8BC205C799A00229A97 /* bias_conv2.dat */ = {isa = PBXFileReference; fileEncoding = 4; lastKnownFileType = text; name = bias_conv2.dat; path = "Digit-Recognizer-via-Metal/bias_conv2.dat"; sourceTree = SOURCE_ROOT; };
		55EAC8BD205C799A00229A97 /* bias_fc1.dat */ = {isa = PBXFileReference; lastKnownFileType = file; name = bias_fc1.dat; path = "Digit-Recognizer-via-Metal/bias_fc1.dat"; sourceTree = SOURCE_ROOT; };
/* End PBXFileReference section */

/* Begin PBXFrameworksBuildPhase section */
		55CDB4B3204DA4AE00172632 /* Frameworks */ = {
			isa = PBXFrameworksBuildPhase;
			buildActionMask = 2147483647;
			files = (
			);
			runOnlyForDeploymentPostprocessing = 0;
		};
/* End PBXFrameworksBuildPhase section */

/* Begin PBXGroup section */
		5587A91D206F017500DB364C /* Services */ = {
			isa = PBXGroup;
			children = (
				55AAC489206C3C3500A518C9 /* RenderService.swift */,
				5587A91B206EE60C00DB364C /* RecognizeService.swift */,
				55AAC48B206C41C600A518C9 /* MetalService.swift */,
			);
			path = Services;
			sourceTree = "<group>";
		};
		558BBCFC206C26FA00AE90EB /* CNN */ = {
			isa = PBXGroup;
			children = (
				55CDFED12057929300111BD6 /* ImageProvider.swift */,
				558CBA3C20587EF90058E4A4 /* CNN.swift */,
			);
			path = CNN;
			sourceTree = "<group>";
		};
		55CDB4AD204DA4AE00172632 = {
			isa = PBXGroup;
			children = (
				55CDB4B8204DA4AE00172632 /* Digit-Recognizer-via-Metal */,
				55CDB4B7204DA4AE00172632 /* Products */,
			);
			sourceTree = "<group>";
		};
		55CDB4B7204DA4AE00172632 /* Products */ = {
			isa = PBXGroup;
			children = (
				55CDB4B6204DA4AE00172632 /* Digit-Recognizer-via-Metal.app */,
			);
			name = Products;
			sourceTree = "<group>";
		};
		55CDB4B8204DA4AE00172632 /* Digit-Recognizer-via-Metal */ = {
			isa = PBXGroup;
			children = (
				55EAC8B5205C797D00229A97 /* Data */,
				55CDB4BB204DA4AE00172632 /* RecognizerViewController.swift */,
				558146DF206994DE005CB523 /* RecognizingResultViewController.swift */,
				55CDB4BD204DA4AE00172632 /* Main.storyboard */,
				5526A326204F38AA00C30D22 /* Shaders.metal */,
				55CDB4C5204DA4AE00172632 /* Info.plist */,
				5587A91D206F017500DB364C /* Services */,
				558BBCFC206C26FA00AE90EB /* CNN */,
				55CDFECE205790F800111BD6 /* Capture */,
				55CDFECD205790DE00111BD6 /* Filters */,
				55CDFED02057912300111BD6 /* Views */,
				55CDFECF2057911100111BD6 /* ConnectedComponent */,
				55CDFED320579A5F00111BD6 /* Support */,
				558146E1206996BA005CB523 /* RecognizedResult.swift */,
			);
			path = "Digit-Recognizer-via-Metal";
			sourceTree = "<group>";
		};
		55CDFECD205790DE00111BD6 /* Filters */ = {
			isa = PBXGroup;
			children = (
				5526A32E20528A9100C30D22 /* FilterSequence.swift */,
				5529C2AB20532DAC00D888C9 /* FilterLibrary.swift */,
				558BBCFA206C1EAE00AE90EB /* Filter.swift */,
			);
			path = Filters;
			sourceTree = "<group>";
		};
		55CDFECE205790F800111BD6 /* Capture */ = {
			isa = PBXGroup;
			children = (
				5526A328205075C000C30D22 /* CaptureSession.swift */,
				5526A32A205077AA00C30D22 /* CaptureDevice.swift */,
				5526A32C205093DA00C30D22 /* TextureConverter.swift */,
			);
			path = Capture;
			sourceTree = "<group>";
		};
		55CDFECF2057911100111BD6 /* ConnectedComponent */ = {
			isa = PBXGroup;
			children = (
				55788F2020543729009C2A92 /* ComponentProvider.swift */,
				55788F2420552E33009C2A92 /* UnionFind.swift */,
			);
			path = ConnectedComponent;
			sourceTree = "<group>";
		};
		55CDFED02057912300111BD6 /* Views */ = {
			isa = PBXGroup;
			children = (
				5529C2AD2053EAA300D888C9 /* FilterCollectionViewCell.swift */,
				55788F22205517B2009C2A92 /* ComponentsView.swift */,
				558146DD206994AB005CB523 /* RecognizedDigitCollectionViewCell.swift */,
			);
			path = Views;
			sourceTree = "<group>";
		};
		55CDFED320579A5F00111BD6 /* Support */ = {
			isa = PBXGroup;
			children = (
				55CDB4B9204DA4AE00172632 /* AppDelegate.swift */,
				55CDB4C0204DA4AE00172632 /* Assets.xcassets */,
				55CDB4C2204DA4AE00172632 /* LaunchScreen.storyboard */,
			);
			path = Support;
			sourceTree = "<group>";
		};
		55EAC8B5205C797D00229A97 /* Data */ = {
			isa = PBXGroup;
			children = (
				55EAC8B8205C799900229A97 /* bias_conv1.dat */,
				55EAC8BC205C799A00229A97 /* bias_conv2.dat */,
				55EAC8BD205C799A00229A97 /* bias_fc1.dat */,
				55EAC8BB205C799A00229A97 /* bias_fc2.dat */,
				55EAC8B9205C799900229A97 /* weights_conv1.dat */,
				55EAC8B7205C799900229A97 /* weights_conv2.dat */,
				55EAC8B6205C799900229A97 /* weights_fc1.dat */,
				55EAC8BA205C799A00229A97 /* weights_fc2.dat */,
			);
			path = Data;
			sourceTree = "<group>";
		};
/* End PBXGroup section */

/* Begin PBXNativeTarget section */
		55CDB4B5204DA4AE00172632 /* Digit-Recognizer-via-Metal */ = {
			isa = PBXNativeTarget;
			buildConfigurationList = 55CDB4C8204DA4AE00172632 /* Build configuration list for PBXNativeTarget "Digit-Recognizer-via-Metal" */;
			buildPhases = (
				55CDB4B2204DA4AE00172632 /* Sources */,
				55CDB4B3204DA4AE00172632 /* Frameworks */,
				55CDB4B4204DA4AE00172632 /* Resources */,
			);
			buildRules = (
			);
			dependencies = (
			);
			name = "Digit-Recognizer-via-Metal";
			productName = "Digit-Recognizer-via-Metal";
			productReference = 55CDB4B6204DA4AE00172632 /* Digit-Recognizer-via-Metal.app */;
			productType = "com.apple.product-type.application";
		};
/* End PBXNativeTarget section */

/* Begin PBXProject section */
		55CDB4AE204DA4AE00172632 /* Project object */ = {
			isa = PBXProject;
			attributes = {
				LastSwiftUpdateCheck = 0920;
				LastUpgradeCheck = 0920;
				ORGANIZATIONNAME = Jastic7;
				TargetAttributes = {
					55CDB4B5204DA4AE00172632 = {
						CreatedOnToolsVersion = 9.2;
						ProvisioningStyle = Automatic;
					};
				};
			};
			buildConfigurationList = 55CDB4B1204DA4AE00172632 /* Build configuration list for PBXProject "Digit-Recognizer-via-Metal" */;
			compatibilityVersion = "Xcode 8.0";
			developmentRegion = en;
			hasScannedForEncodings = 0;
			knownRegions = (
				en,
				Base,
			);
			mainGroup = 55CDB4AD204DA4AE00172632;
			productRefGroup = 55CDB4B7204DA4AE00172632 /* Products */;
			projectDirPath = "";
			projectRoot = "";
			targets = (
				55CDB4B5204DA4AE00172632 /* Digit-Recognizer-via-Metal */,
			);
		};
/* End PBXProject section */

/* Begin PBXResourcesBuildPhase section */
		55CDB4B4204DA4AE00172632 /* Resources */ = {
			isa = PBXResourcesBuildPhase;
			buildActionMask = 2147483647;
			files = (
				55EAC8C0205C799A00229A97 /* bias_conv1.dat in Resources */,
				55CDB4C4204DA4AE00172632 /* LaunchScreen.storyboard in Resources */,
				55EAC8C3205C799A00229A97 /* bias_fc2.dat in Resources */,
				55CDB4C1204DA4AE00172632 /* Assets.xcassets in Resources */,
				55EAC8C2205C799A00229A97 /* weights_fc2.dat in Resources */,
				55EAC8BF205C799A00229A97 /* weights_conv2.dat in Resources */,
				55EAC8BE205C799A00229A97 /* weights_fc1.dat in Resources */,
				55EAC8C4205C799A00229A97 /* bias_conv2.dat in Resources */,
				55EAC8C5205C799A00229A97 /* bias_fc1.dat in Resources */,
				55CDB4BF204DA4AE00172632 /* Main.storyboard in Resources */,
				55EAC8C1205C799A00229A97 /* weights_conv1.dat in Resources */,
			);
			runOnlyForDeploymentPostprocessing = 0;
		};
/* End PBXResourcesBuildPhase section */

/* Begin PBXSourcesBuildPhase section */
		55CDB4B2204DA4AE00172632 /* Sources */ = {
			isa = PBXSourcesBuildPhase;
			buildActionMask = 2147483647;
			files = (
				55788F23205517B2009C2A92 /* ComponentsView.swift in Sources */,
				558CBA3D20587EF90058E4A4 /* CNN.swift in Sources */,
				5526A32F20528A9100C30D22 /* FilterSequence.swift in Sources */,
				55788F2120543729009C2A92 /* ComponentProvider.swift in Sources */,
				55AAC48A206C3C3500A518C9 /* RenderService.swift in Sources */,
				55AAC48C206C41C600A518C9 /* MetalService.swift in Sources */,
				5529C2AE2053EAA300D888C9 /* FilterCollectionViewCell.swift in Sources */,
				55788F2520552E33009C2A92 /* UnionFind.swift in Sources */,
				5529C2AC20532DAC00D888C9 /* FilterLibrary.swift in Sources */,
				558BBCFB206C1EAE00AE90EB /* Filter.swift in Sources */,
				5587A91C206EE60C00DB364C /* RecognizeService.swift in Sources */,
				5526A32D205093DA00C30D22 /* TextureConverter.swift in Sources */,
				5526A327204F38AA00C30D22 /* Shaders.metal in Sources */,
				5526A32B205077AA00C30D22 /* CaptureDevice.swift in Sources */,
				55CDB4BC204DA4AE00172632 /* RecognizerViewController.swift in Sources */,
				55CDB4BA204DA4AE00172632 /* AppDelegate.swift in Sources */,
				5526A329205075C000C30D22 /* CaptureSession.swift in Sources */,
				558146E0206994DE005CB523 /* RecognizingResultViewController.swift in Sources */,
				55CDFED22057929300111BD6 /* ImageProvider.swift in Sources */,
				558146DE206994AB005CB523 /* RecognizedDigitCollectionViewCell.swift in Sources */,
				558146E2206996BA005CB523 /* RecognizedResult.swift in Sources */,
			);
			runOnlyForDeploymentPostprocessing = 0;
		};
/* End PBXSourcesBuildPhase section */

/* Begin PBXVariantGroup section */
		55CDB4BD204DA4AE00172632 /* Main.storyboard */ = {
			isa = PBXVariantGroup;
			children = (
				55CDB4BE204DA4AE00172632 /* Base */,
			);
			name = Main.storyboard;
			sourceTree = "<group>";
		};
		55CDB4C2204DA4AE00172632 /* LaunchScreen.storyboard */ = {
			isa = PBXVariantGroup;
			children = (
				55CDB4C3204DA4AE00172632 /* Base */,
			);
			name = LaunchScreen.storyboard;
			sourceTree = "<group>";
		};
/* End PBXVariantGroup section */

/* Begin XCBuildConfiguration section */
		55CDB4C6204DA4AE00172632 /* Debug */ = {
			isa = XCBuildConfiguration;
			buildSettings = {
				ALWAYS_SEARCH_USER_PATHS = NO;
				CLANG_ANALYZER_NONNULL = YES;
				CLANG_ANALYZER_NUMBER_OBJECT_CONVERSION = YES_AGGRESSIVE;
				CLANG_CXX_LANGUAGE_STANDARD = "gnu++14";
				CLANG_CXX_LIBRARY = "libc++";
				CLANG_ENABLE_MODULES = YES;
				CLANG_ENABLE_OBJC_ARC = YES;
				CLANG_WARN_BLOCK_CAPTURE_AUTORELEASING = YES;
				CLANG_WARN_BOOL_CONVERSION = YES;
				CLANG_WARN_COMMA = YES;
				CLANG_WARN_CONSTANT_CONVERSION = YES;
				CLANG_WARN_DIRECT_OBJC_ISA_USAGE = YES_ERROR;
				CLANG_WARN_DOCUMENTATION_COMMENTS = YES;
				CLANG_WARN_EMPTY_BODY = YES;
				CLANG_WARN_ENUM_CONVERSION = YES;
				CLANG_WARN_INFINITE_RECURSION = YES;
				CLANG_WARN_INT_CONVERSION = YES;
				CLANG_WARN_NON_LITERAL_NULL_CONVERSION = YES;
				CLANG_WARN_OBJC_LITERAL_CONVERSION = YES;
				CLANG_WARN_OBJC_ROOT_CLASS = YES_ERROR;
				CLANG_WARN_RANGE_LOOP_ANALYSIS = YES;
				CLANG_WARN_STRICT_PROTOTYPES = YES;
				CLANG_WARN_SUSPICIOUS_MOVE = YES;
				CLANG_WARN_UNGUARDED_AVAILABILITY = YES_AGGRESSIVE;
				CLANG_WARN_UNREACHABLE_CODE = YES;
				CLANG_WARN__DUPLICATE_METHOD_MATCH = YES;
				CODE_SIGN_IDENTITY = "iPhone Developer";
				COPY_PHASE_STRIP = NO;
				DEBUG_INFORMATION_FORMAT = dwarf;
				ENABLE_STRICT_OBJC_MSGSEND = YES;
				ENABLE_TESTABILITY = YES;
				GCC_C_LANGUAGE_STANDARD = gnu11;
				GCC_DYNAMIC_NO_PIC = NO;
				GCC_NO_COMMON_BLOCKS = YES;
				GCC_OPTIMIZATION_LEVEL = 0;
				GCC_PREPROCESSOR_DEFINITIONS = (
					"DEBUG=1",
					"$(inherited)",
				);
				GCC_WARN_64_TO_32_BIT_CONVERSION = YES;
				GCC_WARN_ABOUT_RETURN_TYPE = YES_ERROR;
				GCC_WARN_UNDECLARED_SELECTOR = YES;
				GCC_WARN_UNINITIALIZED_AUTOS = YES_AGGRESSIVE;
				GCC_WARN_UNUSED_FUNCTION = YES;
				GCC_WARN_UNUSED_VARIABLE = YES;
				IPHONEOS_DEPLOYMENT_TARGET = 11.2;
				MTL_ENABLE_DEBUG_INFO = YES;
				ONLY_ACTIVE_ARCH = YES;
				SDKROOT = iphoneos;
				SWIFT_ACTIVE_COMPILATION_CONDITIONS = DEBUG;
				SWIFT_OPTIMIZATION_LEVEL = "-Onone";
			};
			name = Debug;
		};
		55CDB4C7204DA4AE00172632 /* Release */ = {
			isa = XCBuildConfiguration;
			buildSettings = {
				ALWAYS_SEARCH_USER_PATHS = NO;
				CLANG_ANALYZER_NONNULL = YES;
				CLANG_ANALYZER_NUMBER_OBJECT_CONVERSION = YES_AGGRESSIVE;
				CLANG_CXX_LANGUAGE_STANDARD = "gnu++14";
				CLANG_CXX_LIBRARY = "libc++";
				CLANG_ENABLE_MODULES = YES;
				CLANG_ENABLE_OBJC_ARC = YES;
				CLANG_WARN_BLOCK_CAPTURE_AUTORELEASING = YES;
				CLANG_WARN_BOOL_CONVERSION = YES;
				CLANG_WARN_COMMA = YES;
				CLANG_WARN_CONSTANT_CONVERSION = YES;
				CLANG_WARN_DIRECT_OBJC_ISA_USAGE = YES_ERROR;
				CLANG_WARN_DOCUMENTATION_COMMENTS = YES;
				CLANG_WARN_EMPTY_BODY = YES;
				CLANG_WARN_ENUM_CONVERSION = YES;
				CLANG_WARN_INFINITE_RECURSION = YES;
				CLANG_WARN_INT_CONVERSION = YES;
				CLANG_WARN_NON_LITERAL_NULL_CONVERSION = YES;
				CLANG_WARN_OBJC_LITERAL_CONVERSION = YES;
				CLANG_WARN_OBJC_ROOT_CLASS = YES_ERROR;
				CLANG_WARN_RANGE_LOOP_ANALYSIS = YES;
				CLANG_WARN_STRICT_PROTOTYPES = YES;
				CLANG_WARN_SUSPICIOUS_MOVE = YES;
				CLANG_WARN_UNGUARDED_AVAILABILITY = YES_AGGRESSIVE;
				CLANG_WARN_UNREACHABLE_CODE = YES;
				CLANG_WARN__DUPLICATE_METHOD_MATCH = YES;
				CODE_SIGN_IDENTITY = "iPhone Developer";
				COPY_PHASE_STRIP = NO;
				DEBUG_INFORMATION_FORMAT = "dwarf-with-dsym";
				ENABLE_NS_ASSERTIONS = NO;
				ENABLE_STRICT_OBJC_MSGSEND = YES;
				GCC_C_LANGUAGE_STANDARD = gnu11;
				GCC_NO_COMMON_BLOCKS = YES;
				GCC_WARN_64_TO_32_BIT_CONVERSION = YES;
				GCC_WARN_ABOUT_RETURN_TYPE = YES_ERROR;
				GCC_WARN_UNDECLARED_SELECTOR = YES;
				GCC_WARN_UNINITIALIZED_AUTOS = YES_AGGRESSIVE;
				GCC_WARN_UNUSED_FUNCTION = YES;
				GCC_WARN_UNUSED_VARIABLE = YES;
				IPHONEOS_DEPLOYMENT_TARGET = 11.2;
				MTL_ENABLE_DEBUG_INFO = NO;
				SDKROOT = iphoneos;
				SWIFT_OPTIMIZATION_LEVEL = "-Owholemodule";
				VALIDATE_PRODUCT = YES;
			};
			name = Release;
		};
		55CDB4C9204DA4AE00172632 /* Debug */ = {
			isa = XCBuildConfiguration;
			buildSettings = {
				ASSETCATALOG_COMPILER_APPICON_NAME = AppIcon;
				CODE_SIGN_STYLE = Automatic;
				DEVELOPMENT_TEAM = 58CCZPCE6T;
				INFOPLIST_FILE = "Digit-Recognizer-via-Metal/Info.plist";
				IPHONEOS_DEPLOYMENT_TARGET = 11.2;
				LD_RUNPATH_SEARCH_PATHS = "$(inherited) @executable_path/Frameworks";
				PRODUCT_BUNDLE_IDENTIFIER = "Jastic7.Digit-Recognizer-via-Metal";
				PRODUCT_NAME = "$(TARGET_NAME)";
				SWIFT_VERSION = 4.0;
				TARGETED_DEVICE_FAMILY = "1,2";
			};
			name = Debug;
		};
		55CDB4CA204DA4AE00172632 /* Release */ = {
			isa = XCBuildConfiguration;
			buildSettings = {
				ASSETCATALOG_COMPILER_APPICON_NAME = AppIcon;
				CODE_SIGN_STYLE = Automatic;
				DEVELOPMENT_TEAM = 58CCZPCE6T;
				INFOPLIST_FILE = "Digit-Recognizer-via-Metal/Info.plist";
				IPHONEOS_DEPLOYMENT_TARGET = 11.2;
				LD_RUNPATH_SEARCH_PATHS = "$(inherited) @executable_path/Frameworks";
				PRODUCT_BUNDLE_IDENTIFIER = "Jastic7.Digit-Recognizer-via-Metal";
				PRODUCT_NAME = "$(TARGET_NAME)";
				SWIFT_VERSION = 4.0;
				TARGETED_DEVICE_FAMILY = "1,2";
			};
			name = Release;
		};
/* End XCBuildConfiguration section */

/* Begin XCConfigurationList section */
		55CDB4B1204DA4AE00172632 /* Build configuration list for PBXProject "Digit-Recognizer-via-Metal" */ = {
			isa = XCConfigurationList;
			buildConfigurations = (
				55CDB4C6204DA4AE00172632 /* Debug */,
				55CDB4C7204DA4AE00172632 /* Release */,
			);
			defaultConfigurationIsVisible = 0;
			defaultConfigurationName = Release;
		};
		55CDB4C8204DA4AE00172632 /* Build configuration list for PBXNativeTarget "Digit-Recognizer-via-Metal" */ = {
			isa = XCConfigurationList;
			buildConfigurations = (
				55CDB4C9204DA4AE00172632 /* Debug */,
				55CDB4CA204DA4AE00172632 /* Release */,
			);
			defaultConfigurationIsVisible = 0;
			defaultConfigurationName = Release;
		};
/* End XCConfigurationList section */
	};
	rootObject = 55CDB4AE204DA4AE00172632 /* Project object */;
}
